
Microsoft Visual Studio Solution File, Format Version 12.00
# Visual Studio 15
VisualStudioVersion = 15.0.27130.2010
MinimumVisualStudioVersion = 10.0.40219.1
Project("{FAE04EC0-301F-11D3-BF4B-00C04F79EFBC}") = "WindowsFormsApp1", "WindowsFormsApp1\WindowsFormsApp1.csproj", "{717A6D1B-C834-4812-919F-AB16CC792D5C}"
EndProject
Global
	GlobalSection(SolutionConfigurationPlatforms) = preSolution
		Debug|Any CPU = Debug|Any CPU
		Release|Any CPU = Release|Any CPU
	EndGlobalSection
	GlobalSection(ProjectConfigurationPlatforms) = postSolution
		{717A6D1B-C834-4812-919F-AB16CC792D5C}.Debug|Any CPU.ActiveCfg = Debug|Any CPU
		{717A6D1B-C834-4812-919F-AB16CC792D5C}.Debug|Any CPU.Build.0 = Debug|Any CPU
		{717A6D1B-C834-4812-919F-AB16CC792D5C}.Release|Any CPU.ActiveCfg = Release|Any CPU
		{717A6D1B-C834-4812-919F-AB16CC792D5C}.Release|Any CPU.Build.0 = Release|Any CPU
	EndGlobalSection
	GlobalSection(SolutionProperties) = preSolution
		HideSolutionNode = FALSE
	EndGlobalSection
	GlobalSection(ExtensibilityGlobals) = postSolution
		SolutionGuid = {68024E9F-F8DE-42D3-B0B6-8D0643E2A3FA}
	EndGlobalSection
EndGlobal
